<?xml version="1.0" encoding="utf-8"?>
<Project ToolsVersion="4.0" xmlns="http://schemas.microsoft.com/developer/msbuild/2003">
  <ItemGroup>
    <Filter Include="Source Files">
      <UniqueIdentifier>{4FC737F1-C7A5-4376-A066-2A32D752A2FF}</UniqueIdentifier>
      <Extensions>cpp;c;cc;cxx;def;odl;idl;hpj;bat;asm;asmx</Extensions>
    </Filter>
    <Filter Include="Header Files">
      <UniqueIdentifier>{93995380-89BD-4b04-88EB-625FBE52EBFB}</UniqueIdentifier>
      <Extensions>h;hpp;hxx;hm;inl;inc;xsd</Extensions>
    </Filter>
    <Filter Include="Resource Files">
      <UniqueIdentifier>{67DA6AB6-F800-4c08-8B7A-83BB121AAD01}</UniqueIdentifier>
      <Extensions>rc;ico;cur;bmp;dlg;rc2;rct;bin;rgs;gif;jpg;jpeg;jpe;resx;tiff;tif;png;wav;mfcribbon-ms</Extensions>
    </Filter>
    <Filter Include="Source Files\mathlib">
      <UniqueIdentifier>{46a37515-558c-4735-9882-4acdc6ac2404}</UniqueIdentifier>
    </Filter>
    <Filter Include="Source Files\sockets">
      <UniqueIdentifier>{6b650557-b4cf-4b05-889c-4875a375dcc0}</UniqueIdentifier>
    </Filter>
    <Filter Include="Source Files\drawing">
      <UniqueIdentifier>{bc606af7-fc56-404d-8fa7-491f4fec1749}</UniqueIdentifier>
    </Filter>
    <Filter Include="Source Files\trackedObjects">
      <UniqueIdentifier>{34e6c586-523b-4989-aa48-636c428370fa}</UniqueIdentifier>
    </Filter>
  </ItemGroup>
  <ItemGroup>
    <None Include="..\source\calibration.txt" />
    <None Include="..\source\CMakeLists.txt" />
  </ItemGroup>
  <ItemGroup>
    <ClCompile Include="..\source\CustomStereoNoTracking.cpp">
      <Filter>Source Files</Filter>
    </ClCompile>
    <ClCompile Include="..\source\ObjectTracker.cpp">
      <Filter>Source Files</Filter>
    </ClCompile>
    <ClCompile Include="..\source\OpenGlScene.cpp">
      <Filter>Source Files</Filter>
    </ClCompile>
    <ClCompile Include="..\source\OpenGlWindow.cpp">
      <Filter>Source Files</Filter>
    </ClCompile>
    <ClCompile Include="..\source\Model\Calibrator.cpp">
      <Filter>Source Files</Filter>
    </ClCompile>
    <ClCompile Include="..\source\libmathhelp\EulerAngle.cpp">
      <Filter>Source Files\mathlib</Filter>
    </ClCompile>
    <ClCompile Include="..\source\MathHelper.cpp">
      <Filter>Source Files\mathlib</Filter>
    </ClCompile>
    <ClCompile Include="..\source\libmathhelp\Matrix3x3.cpp">
      <Filter>Source Files\mathlib</Filter>
    </ClCompile>
    <ClCompile Include="..\source\libmathhelp\MHVector.cpp">
      <Filter>Source Files\mathlib</Filter>
    </ClCompile>
    <ClCompile Include="..\source\libmathhelp\Plane.cpp">
      <Filter>Source Files\mathlib</Filter>
    </ClCompile>
    <ClCompile Include="..\source\libmathhelp\Point2D.cpp">
      <Filter>Source Files\mathlib</Filter>
    </ClCompile>
    <ClCompile Include="..\source\libmathhelp\Point3D.cpp">
      <Filter>Source Files\mathlib</Filter>
    </ClCompile>
    <ClCompile Include="..\source\libmathhelp\Quaternion.cpp">
      <Filter>Source Files\mathlib</Filter>
    </ClCompile>
    <ClCompile Include="..\source\TabletServer.cpp">
      <Filter>Source Files\sockets</Filter>
    </ClCompile>
    <ClCompile Include="..\source\Input\ViconDataStreamClient.cpp">
      <Filter>Source Files\sockets</Filter>
    </ClCompile>
    <ClCompile Include="..\source\Color3f.cpp">
      <Filter>Source Files\drawing</Filter>
    </ClCompile>
    <ClCompile Include="..\source\Cube.cpp">
      <Filter>Source Files\drawing</Filter>
    </ClCompile>
    <ClCompile Include="..\source\Model\Tablet.cpp">
      <Filter>Source Files\trackedObjects</Filter>
    </ClCompile>
    <ClCompile Include="..\source\Model\Finger.cpp">
      <Filter>Source Files\trackedObjects</Filter>
    </ClCompile>
    <ClCompile Include="..\source\SocketCom.cpp">
      <Filter>Source Files\sockets</Filter>
    </ClCompile>
    <ClCompile Include="..\source\Terrain.cpp">
      <Filter>Source Files\drawing</Filter>
    </ClCompile>
  </ItemGroup>
  <ItemGroup>
    <ClInclude Include="..\source\Color3f.h">
      <Filter>Header Files</Filter>
    </ClInclude>
    <ClInclude Include="..\source\Cube.h">
      <Filter>Header Files</Filter>
    </ClInclude>
    <ClInclude Include="..\source\CustomStereoNoTracking.h">
      <Filter>Header Files</Filter>
    </ClInclude>
    <ClInclude Include="..\source\MathHelper.hpp">
      <Filter>Header Files</Filter>
    </ClInclude>
    <ClInclude Include="..\source\ObjectTracker.h">
      <Filter>Header Files</Filter>
    </ClInclude>
    <ClInclude Include="..\source\OpenGlScene.h">
      <Filter>Header Files</Filter>
    </ClInclude>
    <ClInclude Include="..\source\OpenGlWindow.h">
      <Filter>Header Files</Filter>
    </ClInclude>
    <ClInclude Include="..\source\PointLineDist.h">
      <Filter>Header Files</Filter>
    </ClInclude>
    <ClInclude Include="..\source\SocketCom.h">
      <Filter>Header Files</Filter>
    </ClInclude>
    <ClInclude Include="..\source\TabletServer.h">
      <Filter>Header Files</Filter>
    </ClInclude>
    <ClInclude Include="..\source\Model\Calibrator.h">
      <Filter>Header Files</Filter>
    </ClInclude>
    <ClInclude Include="..\source\Model\Finger.h">
      <Filter>Header Files</Filter>
    </ClInclude>
    <ClInclude Include="..\source\Model\Tablet.h">
      <Filter>Header Files</Filter>
    </ClInclude>
    <ClInclude Include="..\source\libmathhelp\EulerAngle.hpp">
      <Filter>Header Files</Filter>
    </ClInclude>
    <ClInclude Include="..\source\libmathhelp\Matrix3x3.hpp">
      <Filter>Header Files</Filter>
    </ClInclude>
    <ClInclude Include="..\source\libmathhelp\MHSettings.hpp">
      <Filter>Header Files</Filter>
    </ClInclude>
    <ClInclude Include="..\source\libmathhelp\MHVector.hpp">
      <Filter>Header Files</Filter>
    </ClInclude>
    <ClInclude Include="..\source\libmathhelp\Plane.hpp">
      <Filter>Header Files</Filter>
    </ClInclude>
    <ClInclude Include="..\source\libmathhelp\Point2D.hpp">
      <Filter>Header Files</Filter>
    </ClInclude>
    <ClInclude Include="..\source\libmathhelp\Point3D.hpp">
      <Filter>Header Files</Filter>
    </ClInclude>
    <ClInclude Include="..\source\libmathhelp\Quaternion.hpp">
      <Filter>Header Files</Filter>
    </ClInclude>
    <ClInclude Include="..\source\Input\Client.h">
      <Filter>Header Files</Filter>
    </ClInclude>
    <ClInclude Include="..\source\Input\ViconDataStreamClient.h">
      <Filter>Header Files</Filter>
    </ClInclude>
  </ItemGroup>
</Project>