<?xml version="1.0" encoding="utf-8"?>
<Project ToolsVersion="4.0" xmlns="http://schemas.microsoft.com/developer/msbuild/2003">
  <ItemGroup>
    <Filter Include="Source Files">
      <UniqueIdentifier>{4FC737F1-C7A5-4376-A066-2A32D752A2FF}</UniqueIdentifier>
      <Extensions>cpp;c;cc;cxx;def;odl;idl;hpj;bat;asm;asmx</Extensions>
    </Filter>
    <Filter Include="Resource Files">
      <UniqueIdentifier>{67DA6AB6-F800-4c08-8B7A-83BB121AAD01}</UniqueIdentifier>
      <Extensions>rc;ico;cur;bmp;dlg;rc2;rct;bin;rgs;gif;jpg;jpeg;jpe;resx;tiff;tif;png;wav;mfcribbon-ms</Extensions>
    </Filter>
  </ItemGroup>
  <ItemGroup>
    <ClCompile Include="libmathhelp\EulerAngle.cpp">
      <Filter>Source Files</Filter>
    </ClCompile>
    <ClCompile Include="libmathhelp\Matrix3x3.cpp">
      <Filter>Source Files</Filter>
    </ClCompile>
    <ClCompile Include="libmathhelp\MHVector.cpp">
      <Filter>Source Files</Filter>
    </ClCompile>
    <ClCompile Include="libmathhelp\Plane.cpp">
      <Filter>Source Files</Filter>
    </ClCompile>
    <ClCompile Include="libmathhelp\Point2D.cpp">
      <Filter>Source Files</Filter>
    </ClCompile>
    <ClCompile Include="libmathhelp\Point3D.cpp">
      <Filter>Source Files</Filter>
    </ClCompile>
    <ClCompile Include="libmathhelp\Quaternion.cpp">
      <Filter>Source Files</Filter>
    </ClCompile>
    <ClCompile Include="MathHelper.cpp" />
  </ItemGroup>
  <ItemGroup>
    <ClInclude Include="libmathhelp\EulerAngle.hpp">
      <Filter>Source Files</Filter>
    </ClInclude>
    <ClInclude Include="libmathhelp\Matrix3x3.hpp">
      <Filter>Source Files</Filter>
    </ClInclude>
    <ClInclude Include="libmathhelp\MHSettings.hpp">
      <Filter>Source Files</Filter>
    </ClInclude>
    <ClInclude Include="libmathhelp\MHVector.hpp">
      <Filter>Source Files</Filter>
    </ClInclude>
    <ClInclude Include="libmathhelp\Plane.hpp">
      <Filter>Source Files</Filter>
    </ClInclude>
    <ClInclude Include="libmathhelp\Point2D.hpp">
      <Filter>Source Files</Filter>
    </ClInclude>
    <ClInclude Include="libmathhelp\Point3D.hpp">
      <Filter>Source Files</Filter>
    </ClInclude>
    <ClInclude Include="libmathhelp\Quaternion.hpp">
      <Filter>Source Files</Filter>
    </ClInclude>
    <ClInclude Include="MathHelper.hpp" />
  </ItemGroup>
</Project>