<?xml version="1.0" encoding="utf-8"?>
<Project ToolsVersion="4.0" xmlns="http://schemas.microsoft.com/developer/msbuild/2003">
  <ItemGroup>
    <Filter Include="Source Files">
      <UniqueIdentifier>{819b63f5-5309-4684-90a5-cedd62588a8e}</UniqueIdentifier>
      <Extensions>cpp;c;cxx;rc;def;r;odl;idl;hpj;bat</Extensions>
    </Filter>
    <Filter Include="Header Files">
      <UniqueIdentifier>{fcf6ec66-c5b9-4da5-a4d9-b9da64d76f54}</UniqueIdentifier>
      <Extensions>h;hpp;hxx;hm;inl</Extensions>
    </Filter>
    <Filter Include="Header Files\Error Messages">
      <UniqueIdentifier>{224602c6-e987-4891-8eb2-89b882fb3828}</UniqueIdentifier>
    </Filter>
    <Filter Include="Resource Files">
      <UniqueIdentifier>{e672ef9a-d0fe-4da0-abf9-f6dfab4fb36f}</UniqueIdentifier>
      <Extensions>ico;cur;bmp;dlg;rc2;rct;bin;rgs;gif;jpg;jpeg;jpe</Extensions>
    </Filter>
  </ItemGroup>
  <ItemGroup>
    <None Include="ilu.def">
      <Filter>Source Files</Filter>
    </None>
    <None Include="resources\IL Logo.ico">
      <Filter>Resource Files</Filter>
    </None>
  </ItemGroup>
  <ItemGroup>
    <ClCompile Include="..\src\ilu_error.c">
      <Filter>Source Files</Filter>
    </ClCompile>
    <ClCompile Include="..\src\ilu_filter.c">
      <Filter>Source Files</Filter>
    </ClCompile>
    <ClCompile Include="..\src\ilu_filter_rcg.c">
      <Filter>Source Files</Filter>
    </ClCompile>
    <ClCompile Include="..\src\ilu_internal.c">
      <Filter>Source Files</Filter>
    </ClCompile>
    <ClCompile Include="..\src\ilu_main.c">
      <Filter>Source Files</Filter>
    </ClCompile>
    <ClCompile Include="..\src\ilu_manip.c">
      <Filter>Source Files</Filter>
    </ClCompile>
    <ClCompile Include="..\src\ilu_mipmap.c">
      <Filter>Source Files</Filter>
    </ClCompile>
    <ClCompile Include="..\src\ilu_noise.c">
      <Filter>Source Files</Filter>
    </ClCompile>
    <ClCompile Include="..\src\ilu_region.c">
      <Filter>Source Files</Filter>
    </ClCompile>
    <ClCompile Include="..\src\ilu_rotate.c">
      <Filter>Source Files</Filter>
    </ClCompile>
    <ClCompile Include="..\src\ilu_scale.c">
      <Filter>Source Files</Filter>
    </ClCompile>
    <ClCompile Include="..\src\ilu_scale2d.c">
      <Filter>Source Files</Filter>
    </ClCompile>
    <ClCompile Include="..\src\ilu_scale3d.c">
      <Filter>Source Files</Filter>
    </ClCompile>
    <ClCompile Include="..\src\ilu_states.c">
      <Filter>Source Files</Filter>
    </ClCompile>
    <ClCompile Include="..\src\ilu_utilities.c">
      <Filter>Source Files</Filter>
    </ClCompile>
  </ItemGroup>
  <ItemGroup>
    <ClInclude Include="..\..\include\IL\devil_internal_exports.h">
      <Filter>Header Files</Filter>
    </ClInclude>
    <ClInclude Include="..\..\include\il\ilu.h">
      <Filter>Header Files</Filter>
    </ClInclude>
    <ClInclude Include="..\include\ilu_filter.h">
      <Filter>Header Files</Filter>
    </ClInclude>
    <ClInclude Include="..\include\ilu_internal.h">
      <Filter>Header Files</Filter>
    </ClInclude>
    <ClInclude Include="..\include\ilu_mipmap.h">
      <Filter>Header Files</Filter>
    </ClInclude>
    <ClInclude Include="..\include\ilu_region.h">
      <Filter>Header Files</Filter>
    </ClInclude>
    <ClInclude Include="..\include\ilu_states.h">
      <Filter>Header Files</Filter>
    </ClInclude>
    <ClInclude Include="..\include\ilu_error\ilu_err-arabic.h">
      <Filter>Header Files\Error Messages</Filter>
    </ClInclude>
    <ClInclude Include="..\include\ilu_error\ilu_err-dutch.h">
      <Filter>Header Files\Error Messages</Filter>
    </ClInclude>
    <ClInclude Include="..\include\ilu_error\ilu_err-english.h">
      <Filter>Header Files\Error Messages</Filter>
    </ClInclude>
    <ClInclude Include="..\include\ilu_error\ilu_err-french.h">
      <Filter>Header Files\Error Messages</Filter>
    </ClInclude>
    <ClInclude Include="..\include\ilu_error\ilu_err-german.h">
      <Filter>Header Files\Error Messages</Filter>
    </ClInclude>
    <ClInclude Include="..\include\ilu_error\ilu_err-japanese.h">
      <Filter>Header Files\Error Messages</Filter>
    </ClInclude>
    <ClInclude Include="..\include\ilu_error\ilu_err-spanish.h">
      <Filter>Header Files\Error Messages</Filter>
    </ClInclude>
  </ItemGroup>
  <ItemGroup>
    <ResourceCompile Include="ILU.rc">
      <Filter>Resource Files</Filter>
    </ResourceCompile>
  </ItemGroup>
</Project>